
Microsoft Visual Studio Solution File, Format Version 12.00
Project("{FAE04EC0-301F-11D3-BF4B-00C04F79EFBC}") = "Aging Retina Symptoms", "Aging Retina Symptoms\Aging Retina Symptoms.csproj", "{12FE4E50-3C3A-4E5A-954F-82E584C3E278}"
EndProject
Global
	GlobalSection(SolutionConfigurationPlatforms) = preSolution
		Debug|Any CPU = Debug|Any CPU
		Release|Any CPU = Release|Any CPU
	EndGlobalSection
	GlobalSection(ProjectConfigurationPlatforms) = postSolution
		{12FE4E50-3C3A-4E5A-954F-82E584C3E278}.Debug|Any CPU.ActiveCfg = Debug|Any CPU
		{12FE4E50-3C3A-4E5A-954F-82E584C3E278}.Debug|Any CPU.Build.0 = Debug|Any CPU
		{12FE4E50-3C3A-4E5A-954F-82E584C3E278}.Release|Any CPU.ActiveCfg = Release|Any CPU
		{12FE4E50-3C3A-4E5A-954F-82E584C3E278}.Release|Any CPU.Build.0 = Release|Any CPU
	EndGlobalSection
EndGlobal
